version: 2.0
shards:
  ameba:
    git: https://github.com/crystal-ameba/ameba.git
    version: 1.7.0-dev+git.commit.a49f9573a5a984e21b05a39d4e1da17e103b0925

  larimar:
    git: https://github.com/nobodywasishere/larimar.git
    version: 0.1.0+git.commit.84872f191466e41eb986a905e1559ffb8f160684

  lsprotocol:
    git: https://github.com/nobodywasishere/lsprotocol-crystal.git
    version: 0.1.0+git.commit.28986890c7657af4aefea8355ca3f3c7fc2bc9dd

  rwlock:
    git: https://github.com/spider-gazelle/readers-writer.git
    version: 1.0.7

  tree_sitter:
    git: https://github.com/crystal-lang-tools/crystal-tree-sitter.git
    version: 0.1.0+git.commit.1d46ca231a641b30b8e7fbbae7eba050f7717a9f

